
Microsoft Visual Studio Solution File, Format Version 12.00
# Visual Studio 14
VisualStudioVersion = 14.0.24720.0
MinimumVisualStudioVersion = 10.0.40219.1
Project("{FAE04EC0-301F-11D3-BF4B-00C04F79EFBC}") = "Grades", "Grades\Grades.csproj", "{DA9C2701-EDD9-45BE-81CF-A7F9ACE45A9B}"
EndProject
Project("{FAE04EC0-301F-11D3-BF4B-00C04F79EFBC}") = "GradesUnitTest", "GradesUnitTest\GradesUnitTest.csproj", "{6B5012CD-5233-4D5B-BC6A-899941C09A94}"
EndProject
Global
	GlobalSection(SolutionConfigurationPlatforms) = preSolution
		Debug|Any CPU = Debug|Any CPU
		Release|Any CPU = Release|Any CPU
	EndGlobalSection
	GlobalSection(ProjectConfigurationPlatforms) = postSolution
		{DA9C2701-EDD9-45BE-81CF-A7F9ACE45A9B}.Debug|Any CPU.ActiveCfg = Debug|Any CPU
		{DA9C2701-EDD9-45BE-81CF-A7F9ACE45A9B}.Debug|Any CPU.Build.0 = Debug|Any CPU
		{DA9C2701-EDD9-45BE-81CF-A7F9ACE45A9B}.Release|Any CPU.ActiveCfg = Release|Any CPU
		{DA9C2701-EDD9-45BE-81CF-A7F9ACE45A9B}.Release|Any CPU.Build.0 = Release|Any CPU
		{6B5012CD-5233-4D5B-BC6A-899941C09A94}.Debug|Any CPU.ActiveCfg = Debug|Any CPU
		{6B5012CD-5233-4D5B-BC6A-899941C09A94}.Debug|Any CPU.Build.0 = Debug|Any CPU
		{6B5012CD-5233-4D5B-BC6A-899941C09A94}.Release|Any CPU.ActiveCfg = Release|Any CPU
		{6B5012CD-5233-4D5B-BC6A-899941C09A94}.Release|Any CPU.Build.0 = Release|Any CPU
	EndGlobalSection
	GlobalSection(SolutionProperties) = preSolution
		HideSolutionNode = FALSE
	EndGlobalSection
EndGlobal
